// !$*UTF8*$!
{
	archiveVersion = 1;
	classes = {
	};
	objectVersion = 56;
	objects = {

/* Begin PBXBuildFile section */
		0053569C2BF2212D00D01060 /* AppDelegate.swift in Sources */ = {isa = PBXBuildFile; fileRef = 0053569B2BF2212D00D01060 /* AppDelegate.swift */; };
		0053569E2BF2212D00D01060 /* SceneDelegate.swift in Sources */ = {isa = PBXBuildFile; fileRef = 0053569D2BF2212D00D01060 /* SceneDelegate.swift */; };
		005356A52BF2212F00D01060 /* Assets.xcassets in Resources */ = {isa = PBXBuildFile; fileRef = 005356A42BF2212F00D01060 /* Assets.xcassets */; };
		005356A82BF2212F00D01060 /* Base in Resources */ = {isa = PBXBuildFile; fileRef = 005356A72BF2212F00D01060 /* Base */; };
		005356B32BF222FD00D01060 /* SubjectsView.swift in Sources */ = {isa = PBXBuildFile; fileRef = 005356B12BF222FD00D01060 /* SubjectsView.swift */; };
		005356B42BF222FD00D01060 /* SubjectsView.xib in Resources */ = {isa = PBXBuildFile; fileRef = 005356B22BF222FD00D01060 /* SubjectsView.xib */; };
		005356B92BF2317100D01060 /* SubjectCell.swift in Sources */ = {isa = PBXBuildFile; fileRef = 005356B72BF2317100D01060 /* SubjectCell.swift */; };
		005356BA2BF2317100D01060 /* SubjectCell.xib in Resources */ = {isa = PBXBuildFile; fileRef = 005356B82BF2317100D01060 /* SubjectCell.xib */; };
		005356C22BF25F7C00D01060 /* InstructorsView.swift in Sources */ = {isa = PBXBuildFile; fileRef = 005356C02BF25F7C00D01060 /* InstructorsView.swift */; };
		005356C32BF25F7C00D01060 /* InstructorsView.xib in Resources */ = {isa = PBXBuildFile; fileRef = 005356C12BF25F7C00D01060 /* InstructorsView.xib */; };
		005356C72BF2647900D01060 /* InstructorCell.swift in Sources */ = {isa = PBXBuildFile; fileRef = 005356C52BF2647900D01060 /* InstructorCell.swift */; };
		005356C82BF2647900D01060 /* InstructorCell.xib in Resources */ = {isa = PBXBuildFile; fileRef = 005356C62BF2647900D01060 /* InstructorCell.xib */; };
		005356CB2BF26A1B00D01060 /* InstructorModel.swift in Sources */ = {isa = PBXBuildFile; fileRef = 005356CA2BF26A1B00D01060 /* InstructorModel.swift */; };
		005356CF2BF2752C00D01060 /* InvoicesView.swift in Sources */ = {isa = PBXBuildFile; fileRef = 005356CD2BF2752C00D01060 /* InvoicesView.swift */; };
		005356D02BF2752C00D01060 /* InvoicesView.xib in Resources */ = {isa = PBXBuildFile; fileRef = 005356CE2BF2752C00D01060 /* InvoicesView.xib */; };
		005356D42BF287E200D01060 /* InvoiceCell.swift in Sources */ = {isa = PBXBuildFile; fileRef = 005356D22BF287E200D01060 /* InvoiceCell.swift */; };
		005356D52BF287E200D01060 /* InvoiceCell.xib in Resources */ = {isa = PBXBuildFile; fileRef = 005356D32BF287E200D01060 /* InvoiceCell.xib */; };
		005356D92BF29AB000D01060 /* PaymentView.swift in Sources */ = {isa = PBXBuildFile; fileRef = 005356D72BF29AB000D01060 /* PaymentView.swift */; };
		005356DA2BF29AB000D01060 /* PaymentView.xib in Resources */ = {isa = PBXBuildFile; fileRef = 005356D82BF29AB000D01060 /* PaymentView.xib */; };
		005356DE2BF36A3B00D01060 /* FinalScreen.swift in Sources */ = {isa = PBXBuildFile; fileRef = 005356DC2BF36A3B00D01060 /* FinalScreen.swift */; };
		005356DF2BF36A3B00D01060 /* FinalScreen.xib in Resources */ = {isa = PBXBuildFile; fileRef = 005356DD2BF36A3B00D01060 /* FinalScreen.xib */; };
/* End PBXBuildFile section */

/* Begin PBXFileReference section */
		005356982BF2212D00D01060 /* eramoTask.app */ = {isa = PBXFileReference; explicitFileType = wrapper.application; includeInIndex = 0; path = eramoTask.app; sourceTree = BUILT_PRODUCTS_DIR; };
		0053569B2BF2212D00D01060 /* AppDelegate.swift */ = {isa = PBXFileReference; lastKnownFileType = sourcecode.swift; path = AppDelegate.swift; sourceTree = "<group>"; };
		0053569D2BF2212D00D01060 /* SceneDelegate.swift */ = {isa = PBXFileReference; lastKnownFileType = sourcecode.swift; path = SceneDelegate.swift; sourceTree = "<group>"; };
		005356A42BF2212F00D01060 /* Assets.xcassets */ = {isa = PBXFileReference; lastKnownFileType = folder.assetcatalog; path = Assets.xcassets; sourceTree = "<group>"; };
		005356A72BF2212F00D01060 /* Base */ = {isa = PBXFileReference; lastKnownFileType = file.storyboard; name = Base; path = Base.lproj/LaunchScreen.storyboard; sourceTree = "<group>"; };
		005356A92BF2212F00D01060 /* Info.plist */ = {isa = PBXFileReference; lastKnownFileType = text.plist.xml; path = Info.plist; sourceTree = "<group>"; };
		005356B12BF222FD00D01060 /* SubjectsView.swift */ = {isa = PBXFileReference; lastKnownFileType = sourcecode.swift; path = SubjectsView.swift; sourceTree = "<group>"; };
		005356B22BF222FD00D01060 /* SubjectsView.xib */ = {isa = PBXFileReference; lastKnownFileType = file.xib; path = SubjectsView.xib; sourceTree = "<group>"; };
		005356B72BF2317100D01060 /* SubjectCell.swift */ = {isa = PBXFileReference; lastKnownFileType = sourcecode.swift; path = SubjectCell.swift; sourceTree = "<group>"; };
		005356B82BF2317100D01060 /* SubjectCell.xib */ = {isa = PBXFileReference; lastKnownFileType = file.xib; path = SubjectCell.xib; sourceTree = "<group>"; };
		005356C02BF25F7C00D01060 /* InstructorsView.swift */ = {isa = PBXFileReference; lastKnownFileType = sourcecode.swift; path = InstructorsView.swift; sourceTree = "<group>"; };
		005356C12BF25F7C00D01060 /* InstructorsView.xib */ = {isa = PBXFileReference; lastKnownFileType = file.xib; path = InstructorsView.xib; sourceTree = "<group>"; };
		005356C52BF2647900D01060 /* InstructorCell.swift */ = {isa = PBXFileReference; lastKnownFileType = sourcecode.swift; path = InstructorCell.swift; sourceTree = "<group>"; };
		005356C62BF2647900D01060 /* InstructorCell.xib */ = {isa = PBXFileReference; lastKnownFileType = file.xib; path = InstructorCell.xib; sourceTree = "<group>"; };
		005356CA2BF26A1B00D01060 /* InstructorModel.swift */ = {isa = PBXFileReference; lastKnownFileType = sourcecode.swift; path = InstructorModel.swift; sourceTree = "<group>"; };
		005356CD2BF2752C00D01060 /* InvoicesView.swift */ = {isa = PBXFileReference; lastKnownFileType = sourcecode.swift; path = InvoicesView.swift; sourceTree = "<group>"; };
		005356CE2BF2752C00D01060 /* InvoicesView.xib */ = {isa = PBXFileReference; lastKnownFileType = file.xib; path = InvoicesView.xib; sourceTree = "<group>"; };
		005356D22BF287E200D01060 /* InvoiceCell.swift */ = {isa = PBXFileReference; lastKnownFileType = sourcecode.swift; path = InvoiceCell.swift; sourceTree = "<group>"; };
		005356D32BF287E200D01060 /* InvoiceCell.xib */ = {isa = PBXFileReference; lastKnownFileType = file.xib; path = InvoiceCell.xib; sourceTree = "<group>"; };
		005356D72BF29AB000D01060 /* PaymentView.swift */ = {isa = PBXFileReference; lastKnownFileType = sourcecode.swift; path = PaymentView.swift; sourceTree = "<group>"; };
		005356D82BF29AB000D01060 /* PaymentView.xib */ = {isa = PBXFileReference; lastKnownFileType = file.xib; path = PaymentView.xib; sourceTree = "<group>"; };
		005356DC2BF36A3B00D01060 /* FinalScreen.swift */ = {isa = PBXFileReference; lastKnownFileType = sourcecode.swift; path = FinalScreen.swift; sourceTree = "<group>"; };
		005356DD2BF36A3B00D01060 /* FinalScreen.xib */ = {isa = PBXFileReference; lastKnownFileType = file.xib; path = FinalScreen.xib; sourceTree = "<group>"; };
/* End PBXFileReference section */

/* Begin PBXFrameworksBuildPhase section */
		005356952BF2212D00D01060 /* Frameworks */ = {
			isa = PBXFrameworksBuildPhase;
			buildActionMask = 2147483647;
			files = (
			);
			runOnlyForDeploymentPostprocessing = 0;
		};
/* End PBXFrameworksBuildPhase section */

/* Begin PBXGroup section */
		0053568F2BF2212D00D01060 = {
			isa = PBXGroup;
			children = (
				0053569A2BF2212D00D01060 /* eramoTask */,
				005356992BF2212D00D01060 /* Products */,
			);
			sourceTree = "<group>";
		};
		005356992BF2212D00D01060 /* Products */ = {
			isa = PBXGroup;
			children = (
				005356982BF2212D00D01060 /* eramoTask.app */,
			);
			name = Products;
			sourceTree = "<group>";
		};
		0053569A2BF2212D00D01060 /* eramoTask */ = {
			isa = PBXGroup;
			children = (
				005356C92BF26A0E00D01060 /* Models */,
				005356AF2BF222D100D01060 /* Views */,
				0053569B2BF2212D00D01060 /* AppDelegate.swift */,
				0053569D2BF2212D00D01060 /* SceneDelegate.swift */,
				005356A42BF2212F00D01060 /* Assets.xcassets */,
				005356A62BF2212F00D01060 /* LaunchScreen.storyboard */,
				005356A92BF2212F00D01060 /* Info.plist */,
			);
			path = eramoTask;
			sourceTree = "<group>";
		};
		005356AF2BF222D100D01060 /* Views */ = {
			isa = PBXGroup;
			children = (
				005356B02BF222DD00D01060 /* SubjectsScreen */,
				005356BB2BF2543300D01060 /* InstructorsScreen */,
				005356CC2BF2750B00D01060 /* InvoicesScreen */,
				005356D62BF29A6B00D01060 /* PaymentScreen */,
				005356DB2BF36A1900D01060 /* finalScreen */,
				005356B52BF2314200D01060 /* CustomCells */,
			);
			path = Views;
			sourceTree = "<group>";
		};
		005356B02BF222DD00D01060 /* SubjectsScreen */ = {
			isa = PBXGroup;
			children = (
				005356B12BF222FD00D01060 /* SubjectsView.swift */,
				005356B22BF222FD00D01060 /* SubjectsView.xib */,
			);
			path = SubjectsScreen;
			sourceTree = "<group>";
		};
		005356B52BF2314200D01060 /* CustomCells */ = {
			isa = PBXGroup;
			children = (
				005356D12BF287BE00D01060 /* InvoicesCell */,
				005356C42BF2645900D01060 /* InstructorCell */,
				005356B62BF2315400D01060 /* SubjectCell */,
			);
			path = CustomCells;
			sourceTree = "<group>";
		};
		005356B62BF2315400D01060 /* SubjectCell */ = {
			isa = PBXGroup;
			children = (
				005356B72BF2317100D01060 /* SubjectCell.swift */,
				005356B82BF2317100D01060 /* SubjectCell.xib */,
			);
			path = SubjectCell;
			sourceTree = "<group>";
		};
		005356BB2BF2543300D01060 /* InstructorsScreen */ = {
			isa = PBXGroup;
			children = (
				005356C02BF25F7C00D01060 /* InstructorsView.swift */,
				005356C12BF25F7C00D01060 /* InstructorsView.xib */,
			);
			path = InstructorsScreen;
			sourceTree = "<group>";
		};
		005356C42BF2645900D01060 /* InstructorCell */ = {
			isa = PBXGroup;
			children = (
				005356C52BF2647900D01060 /* InstructorCell.swift */,
				005356C62BF2647900D01060 /* InstructorCell.xib */,
			);
			path = InstructorCell;
			sourceTree = "<group>";
		};
		005356C92BF26A0E00D01060 /* Models */ = {
			isa = PBXGroup;
			children = (
				005356CA2BF26A1B00D01060 /* InstructorModel.swift */,
			);
			path = Models;
			sourceTree = "<group>";
		};
		005356CC2BF2750B00D01060 /* InvoicesScreen */ = {
			isa = PBXGroup;
			children = (
				005356CD2BF2752C00D01060 /* InvoicesView.swift */,
				005356CE2BF2752C00D01060 /* InvoicesView.xib */,
			);
			path = InvoicesScreen;
			sourceTree = "<group>";
		};
		005356D12BF287BE00D01060 /* InvoicesCell */ = {
			isa = PBXGroup;
			children = (
				005356D22BF287E200D01060 /* InvoiceCell.swift */,
				005356D32BF287E200D01060 /* InvoiceCell.xib */,
			);
			path = InvoicesCell;
			sourceTree = "<group>";
		};
		005356D62BF29A6B00D01060 /* PaymentScreen */ = {
			isa = PBXGroup;
			children = (
				005356D72BF29AB000D01060 /* PaymentView.swift */,
				005356D82BF29AB000D01060 /* PaymentView.xib */,
			);
			path = PaymentScreen;
			sourceTree = "<group>";
		};
		005356DB2BF36A1900D01060 /* finalScreen */ = {
			isa = PBXGroup;
			children = (
				005356DC2BF36A3B00D01060 /* FinalScreen.swift */,
				005356DD2BF36A3B00D01060 /* FinalScreen.xib */,
			);
			path = finalScreen;
			sourceTree = "<group>";
		};
/* End PBXGroup section */

/* Begin PBXNativeTarget section */
		005356972BF2212D00D01060 /* eramoTask */ = {
			isa = PBXNativeTarget;
			buildConfigurationList = 005356AC2BF2212F00D01060 /* Build configuration list for PBXNativeTarget "eramoTask" */;
			buildPhases = (
				005356942BF2212D00D01060 /* Sources */,
				005356952BF2212D00D01060 /* Frameworks */,
				005356962BF2212D00D01060 /* Resources */,
			);
			buildRules = (
			);
			dependencies = (
			);
			name = eramoTask;
			productName = eramoTask;
			productReference = 005356982BF2212D00D01060 /* eramoTask.app */;
			productType = "com.apple.product-type.application";
		};
/* End PBXNativeTarget section */

/* Begin PBXProject section */
		005356902BF2212D00D01060 /* Project object */ = {
			isa = PBXProject;
			attributes = {
				BuildIndependentTargetsInParallel = 1;
				LastSwiftUpdateCheck = 1530;
				LastUpgradeCheck = 1530;
				TargetAttributes = {
					005356972BF2212D00D01060 = {
						CreatedOnToolsVersion = 15.3;
					};
				};
			};
			buildConfigurationList = 005356932BF2212D00D01060 /* Build configuration list for PBXProject "eramoTask" */;
			compatibilityVersion = "Xcode 14.0";
			developmentRegion = en;
			hasScannedForEncodings = 0;
			knownRegions = (
				en,
				Base,
			);
			mainGroup = 0053568F2BF2212D00D01060;
			productRefGroup = 005356992BF2212D00D01060 /* Products */;
			projectDirPath = "";
			projectRoot = "";
			targets = (
				005356972BF2212D00D01060 /* eramoTask */,
			);
		};
/* End PBXProject section */

/* Begin PBXResourcesBuildPhase section */
		005356962BF2212D00D01060 /* Resources */ = {
			isa = PBXResourcesBuildPhase;
			buildActionMask = 2147483647;
			files = (
				005356D02BF2752C00D01060 /* InvoicesView.xib in Resources */,
				005356BA2BF2317100D01060 /* SubjectCell.xib in Resources */,
				005356A52BF2212F00D01060 /* Assets.xcassets in Resources */,
				005356C82BF2647900D01060 /* InstructorCell.xib in Resources */,
				005356DF2BF36A3B00D01060 /* FinalScreen.xib in Resources */,
				005356C32BF25F7C00D01060 /* InstructorsView.xib in Resources */,
				005356D52BF287E200D01060 /* InvoiceCell.xib in Resources */,
				005356DA2BF29AB000D01060 /* PaymentView.xib in Resources */,
				005356B42BF222FD00D01060 /* SubjectsView.xib in Resources */,
				005356A82BF2212F00D01060 /* Base in Resources */,
			);
			runOnlyForDeploymentPostprocessing = 0;
		};
/* End PBXResourcesBuildPhase section */

/* Begin PBXSourcesBuildPhase section */
		005356942BF2212D00D01060 /* Sources */ = {
			isa = PBXSourcesBuildPhase;
			buildActionMask = 2147483647;
			files = (
				005356CF2BF2752C00D01060 /* InvoicesView.swift in Sources */,
				005356CB2BF26A1B00D01060 /* InstructorModel.swift in Sources */,
				005356C22BF25F7C00D01060 /* InstructorsView.swift in Sources */,
				005356DE2BF36A3B00D01060 /* FinalScreen.swift in Sources */,
				005356D92BF29AB000D01060 /* PaymentView.swift in Sources */,
				005356B92BF2317100D01060 /* SubjectCell.swift in Sources */,
				005356C72BF2647900D01060 /* InstructorCell.swift in Sources */,
				005356B32BF222FD00D01060 /* SubjectsView.swift in Sources */,
				0053569C2BF2212D00D01060 /* AppDelegate.swift in Sources */,
				005356D42BF287E200D01060 /* InvoiceCell.swift in Sources */,
				0053569E2BF2212D00D01060 /* SceneDelegate.swift in Sources */,
			);
			runOnlyForDeploymentPostprocessing = 0;
		};
/* End PBXSourcesBuildPhase section */

/* Begin PBXVariantGroup section */
		005356A62BF2212F00D01060 /* LaunchScreen.storyboard */ = {
			isa = PBXVariantGroup;
			children = (
				005356A72BF2212F00D01060 /* Base */,
			);
			name = LaunchScreen.storyboard;
			sourceTree = "<group>";
		};
/* End PBXVariantGroup section */

/* Begin XCBuildConfiguration section */
		005356AA2BF2212F00D01060 /* Debug */ = {
			isa = XCBuildConfiguration;
			buildSettings = {
				ALWAYS_SEARCH_USER_PATHS = NO;
				ASSETCATALOG_COMPILER_GENERATE_SWIFT_ASSET_SYMBOL_EXTENSIONS = YES;
				CLANG_ANALYZER_NONNULL = YES;
				CLANG_ANALYZER_NUMBER_OBJECT_CONVERSION = YES_AGGRESSIVE;
				CLANG_CXX_LANGUAGE_STANDARD = "gnu++20";
				CLANG_ENABLE_MODULES = YES;
				CLANG_ENABLE_OBJC_ARC = YES;
				CLANG_ENABLE_OBJC_WEAK = YES;
				CLANG_WARN_BLOCK_CAPTURE_AUTORELEASING = YES;
				CLANG_WARN_BOOL_CONVERSION = YES;
				CLANG_WARN_COMMA = YES;
				CLANG_WARN_CONSTANT_CONVERSION = YES;
				CLANG_WARN_DEPRECATED_OBJC_IMPLEMENTATIONS = YES;
				CLANG_WARN_DIRECT_OBJC_ISA_USAGE = YES_ERROR;
				CLANG_WARN_DOCUMENTATION_COMMENTS = YES;
				CLANG_WARN_EMPTY_BODY = YES;
				CLANG_WARN_ENUM_CONVERSION = YES;
				CLANG_WARN_INFINITE_RECURSION = YES;
				CLANG_WARN_INT_CONVERSION = YES;
				CLANG_WARN_NON_LITERAL_NULL_CONVERSION = YES;
				CLANG_WARN_OBJC_IMPLICIT_RETAIN_SELF = YES;
				CLANG_WARN_OBJC_LITERAL_CONVERSION = YES;
				CLANG_WARN_OBJC_ROOT_CLASS = YES_ERROR;
				CLANG_WARN_QUOTED_INCLUDE_IN_FRAMEWORK_HEADER = YES;
				CLANG_WARN_RANGE_LOOP_ANALYSIS = YES;
				CLANG_WARN_STRICT_PROTOTYPES = YES;
				CLANG_WARN_SUSPICIOUS_MOVE = YES;
				CLANG_WARN_UNGUARDED_AVAILABILITY = YES_AGGRESSIVE;
				CLANG_WARN_UNREACHABLE_CODE = YES;
				CLANG_WARN__DUPLICATE_METHOD_MATCH = YES;
				COPY_PHASE_STRIP = NO;
				DEBUG_INFORMATION_FORMAT = dwarf;
				ENABLE_STRICT_OBJC_MSGSEND = YES;
				ENABLE_TESTABILITY = YES;
				ENABLE_USER_SCRIPT_SANDBOXING = YES;
				GCC_C_LANGUAGE_STANDARD = gnu17;
				GCC_DYNAMIC_NO_PIC = NO;
				GCC_NO_COMMON_BLOCKS = YES;
				GCC_OPTIMIZATION_LEVEL = 0;
				GCC_PREPROCESSOR_DEFINITIONS = (
					"DEBUG=1",
					"$(inherited)",
				);
				GCC_WARN_64_TO_32_BIT_CONVERSION = YES;
				GCC_WARN_ABOUT_RETURN_TYPE = YES_ERROR;
				GCC_WARN_UNDECLARED_SELECTOR = YES;
				GCC_WARN_UNINITIALIZED_AUTOS = YES_AGGRESSIVE;
				GCC_WARN_UNUSED_FUNCTION = YES;
				GCC_WARN_UNUSED_VARIABLE = YES;
				IPHONEOS_DEPLOYMENT_TARGET = 17.4;
				LOCALIZATION_PREFERS_STRING_CATALOGS = YES;
				MTL_ENABLE_DEBUG_INFO = INCLUDE_SOURCE;
				MTL_FAST_MATH = YES;
				ONLY_ACTIVE_ARCH = YES;
				SDKROOT = iphoneos;
				SWIFT_ACTIVE_COMPILATION_CONDITIONS = "DEBUG $(inherited)";
				SWIFT_OPTIMIZATION_LEVEL = "-Onone";
			};
			name = Debug;
		};
		005356AB2BF2212F00D01060 /* Release */ = {
			isa = XCBuildConfiguration;
			buildSettings = {
				ALWAYS_SEARCH_USER_PATHS = NO;
				ASSETCATALOG_COMPILER_GENERATE_SWIFT_ASSET_SYMBOL_EXTENSIONS = YES;
				CLANG_ANALYZER_NONNULL = YES;
				CLANG_ANALYZER_NUMBER_OBJECT_CONVERSION = YES_AGGRESSIVE;
				CLANG_CXX_LANGUAGE_STANDARD = "gnu++20";
				CLANG_ENABLE_MODULES = YES;
				CLANG_ENABLE_OBJC_ARC = YES;
				CLANG_ENABLE_OBJC_WEAK = YES;
				CLANG_WARN_BLOCK_CAPTURE_AUTORELEASING = YES;
				CLANG_WARN_BOOL_CONVERSION = YES;
				CLANG_WARN_COMMA = YES;
				CLANG_WARN_CONSTANT_CONVERSION = YES;
				CLANG_WARN_DEPRECATED_OBJC_IMPLEMENTATIONS = YES;
				CLANG_WARN_DIRECT_OBJC_ISA_USAGE = YES_ERROR;
				CLANG_WARN_DOCUMENTATION_COMMENTS = YES;
				CLANG_WARN_EMPTY_BODY = YES;
				CLANG_WARN_ENUM_CONVERSION = YES;
				CLANG_WARN_INFINITE_RECURSION = YES;
				CLANG_WARN_INT_CONVERSION = YES;
				CLANG_WARN_NON_LITERAL_NULL_CONVERSION = YES;
				CLANG_WARN_OBJC_IMPLICIT_RETAIN_SELF = YES;
				CLANG_WARN_OBJC_LITERAL_CONVERSION = YES;
				CLANG_WARN_OBJC_ROOT_CLASS = YES_ERROR;
				CLANG_WARN_QUOTED_INCLUDE_IN_FRAMEWORK_HEADER = YES;
				CLANG_WARN_RANGE_LOOP_ANALYSIS = YES;
				CLANG_WARN_STRICT_PROTOTYPES = YES;
				CLANG_WARN_SUSPICIOUS_MOVE = YES;
				CLANG_WARN_UNGUARDED_AVAILABILITY = YES_AGGRESSIVE;
				CLANG_WARN_UNREACHABLE_CODE = YES;
				CLANG_WARN__DUPLICATE_METHOD_MATCH = YES;
				COPY_PHASE_STRIP = NO;
				DEBUG_INFORMATION_FORMAT = "dwarf-with-dsym";
				ENABLE_NS_ASSERTIONS = NO;
				ENABLE_STRICT_OBJC_MSGSEND = YES;
				ENABLE_USER_SCRIPT_SANDBOXING = YES;
				GCC_C_LANGUAGE_STANDARD = gnu17;
				GCC_NO_COMMON_BLOCKS = YES;
				GCC_WARN_64_TO_32_BIT_CONVERSION = YES;
				GCC_WARN_ABOUT_RETURN_TYPE = YES_ERROR;
				GCC_WARN_UNDECLARED_SELECTOR = YES;
				GCC_WARN_UNINITIALIZED_AUTOS = YES_AGGRESSIVE;
				GCC_WARN_UNUSED_FUNCTION = YES;
				GCC_WARN_UNUSED_VARIABLE = YES;
				IPHONEOS_DEPLOYMENT_TARGET = 17.4;
				LOCALIZATION_PREFERS_STRING_CATALOGS = YES;
				MTL_ENABLE_DEBUG_INFO = NO;
				MTL_FAST_MATH = YES;
				SDKROOT = iphoneos;
				SWIFT_COMPILATION_MODE = wholemodule;
				VALIDATE_PRODUCT = YES;
			};
			name = Release;
		};
		005356AD2BF2212F00D01060 /* Debug */ = {
			isa = XCBuildConfiguration;
			buildSettings = {
				ASSETCATALOG_COMPILER_APPICON_NAME = AppIcon;
				ASSETCATALOG_COMPILER_GLOBAL_ACCENT_COLOR_NAME = AccentColor;
				CODE_SIGN_STYLE = Automatic;
				CURRENT_PROJECT_VERSION = 1;
				DEVELOPMENT_TEAM = MT6D65325Z;
				GENERATE_INFOPLIST_FILE = YES;
				INFOPLIST_FILE = eramoTask/Info.plist;
				INFOPLIST_KEY_UIApplicationSupportsIndirectInputEvents = YES;
				INFOPLIST_KEY_UILaunchStoryboardName = LaunchScreen;
				INFOPLIST_KEY_UISupportedInterfaceOrientations = UIInterfaceOrientationPortrait;
				INFOPLIST_KEY_UISupportedInterfaceOrientations_iPad = "UIInterfaceOrientationLandscapeLeft UIInterfaceOrientationLandscapeRight UIInterfaceOrientationPortrait UIInterfaceOrientationPortraitUpsideDown";
				IPHONEOS_DEPLOYMENT_TARGET = 16.0;
				LD_RUNPATH_SEARCH_PATHS = (
					"$(inherited)",
					"@executable_path/Frameworks",
				);
				MARKETING_VERSION = 1.0;
				PRODUCT_BUNDLE_IDENTIFIER = com.moataz.eramoTask;
				PRODUCT_NAME = "$(TARGET_NAME)";
				SUPPORTED_PLATFORMS = "iphoneos iphonesimulator";
				SUPPORTS_MACCATALYST = NO;
				SUPPORTS_MAC_DESIGNED_FOR_IPHONE_IPAD = NO;
				SUPPORTS_XR_DESIGNED_FOR_IPHONE_IPAD = NO;
				SWIFT_EMIT_LOC_STRINGS = YES;
				SWIFT_VERSION = 5.0;
				TARGETED_DEVICE_FAMILY = 1;
			};
			name = Debug;
		};
		005356AE2BF2212F00D01060 /* Release */ = {
			isa = XCBuildConfiguration;
			buildSettings = {
				ASSETCATALOG_COMPILER_APPICON_NAME = AppIcon;
				ASSETCATALOG_COMPILER_GLOBAL_ACCENT_COLOR_NAME = AccentColor;
				CODE_SIGN_STYLE = Automatic;
				CURRENT_PROJECT_VERSION = 1;
				DEVELOPMENT_TEAM = MT6D65325Z;
				GENERATE_INFOPLIST_FILE = YES;
				INFOPLIST_FILE = eramoTask/Info.plist;
				INFOPLIST_KEY_UIApplicationSupportsIndirectInputEvents = YES;
				INFOPLIST_KEY_UILaunchStoryboardName = LaunchScreen;
				INFOPLIST_KEY_UISupportedInterfaceOrientations = UIInterfaceOrientationPortrait;
				INFOPLIST_KEY_UISupportedInterfaceOrientations_iPad = "UIInterfaceOrientationLandscapeLeft UIInterfaceOrientationLandscapeRight UIInterfaceOrientationPortrait UIInterfaceOrientationPortraitUpsideDown";
				IPHONEOS_DEPLOYMENT_TARGET = 16.0;
				LD_RUNPATH_SEARCH_PATHS = (
					"$(inherited)",
					"@executable_path/Frameworks",
				);
				MARKETING_VERSION = 1.0;
				PRODUCT_BUNDLE_IDENTIFIER = com.moataz.eramoTask;
				PRODUCT_NAME = "$(TARGET_NAME)";
				SUPPORTED_PLATFORMS = "iphoneos iphonesimulator";
				SUPPORTS_MACCATALYST = NO;
				SUPPORTS_MAC_DESIGNED_FOR_IPHONE_IPAD = NO;
				SUPPORTS_XR_DESIGNED_FOR_IPHONE_IPAD = NO;
				SWIFT_EMIT_LOC_STRINGS = YES;
				SWIFT_VERSION = 5.0;
				TARGETED_DEVICE_FAMILY = 1;
			};
			name = Release;
		};
/* End XCBuildConfiguration section */

/* Begin XCConfigurationList section */
		005356932BF2212D00D01060 /* Build configuration list for PBXProject "eramoTask" */ = {
			isa = XCConfigurationList;
			buildConfigurations = (
				005356AA2BF2212F00D01060 /* Debug */,
				005356AB2BF2212F00D01060 /* Release */,
			);
			defaultConfigurationIsVisible = 0;
			defaultConfigurationName = Release;
		};
		005356AC2BF2212F00D01060 /* Build configuration list for PBXNativeTarget "eramoTask" */ = {
			isa = XCConfigurationList;
			buildConfigurations = (
				005356AD2BF2212F00D01060 /* Debug */,
				005356AE2BF2212F00D01060 /* Release */,
			);
			defaultConfigurationIsVisible = 0;
			defaultConfigurationName = Release;
		};
/* End XCConfigurationList section */
	};
	rootObject = 005356902BF2212D00D01060 /* Project object */;
}
